
Microsoft Visual Studio Solution File, Format Version 11.00
# Visual Studio 2010
Project("{8BC9CEB8-8B4A-11D0-8D11-00A0C91BC942}") = "3-2-1_HelloWorld", "3-2-1_HelloWorld\3-2-1_HelloWorld.vcxproj", "{61C9466E-2AE3-4481-AD21-5C2DD7675CCE}"
EndProject
Project("{8BC9CEB8-8B4A-11D0-8D11-00A0C91BC942}") = "3-2-2_KernelCall", "3-2-2_KernelCall\3-2-2_KernelCall.vcxproj", "{28DD02DB-9588-468E-9D72-CBA0C0DCFBE5}"
EndProject
Project("{8BC9CEB8-8B4A-11D0-8D11-00A0C91BC942}") = "3-2-3_PassingParameters", "3-2-3_PassingParameters\3-2-3_PassingParameters.vcxproj", "{38F46EA7-BCEB-4AA0-822F-3BD6E8D8B525}"
EndProject
Project("{8BC9CEB8-8B4A-11D0-8D11-00A0C91BC942}") = "3-3_QueryingDevices", "3-3_QueryingDevices\3-3_QueryingDevices.vcxproj", "{FFFF8C83-3401-4664-BA0E-B02D718E5B1F}"
EndProject
Project("{8BC9CEB8-8B4A-11D0-8D11-00A0C91BC942}") = "3-4_UsingDeviceProperties", "3-4_UsingDeviceProperties\3-4_UsingDeviceProperties.vcxproj", "{BCCAC938-A3CF-4636-95F9-D2BA419D40D5}"
EndProject
Project("{8BC9CEB8-8B4A-11D0-8D11-00A0C91BC942}") = "4-2-1_SummingVectors", "4-2-1_SummingVectors\4-2-1_SummingVectors.vcxproj", "{3A465F8E-BCCB-41DD-ACFF-4D61723F87F7}"
EndProject
Global
	GlobalSection(SolutionConfigurationPlatforms) = preSolution
		Debug|Win32 = Debug|Win32
		Debug|x64 = Debug|x64
		Release|Win32 = Release|Win32
		Release|x64 = Release|x64
	EndGlobalSection
	GlobalSection(ProjectConfigurationPlatforms) = postSolution
		{61C9466E-2AE3-4481-AD21-5C2DD7675CCE}.Debug|Win32.ActiveCfg = Debug|Win32
		{61C9466E-2AE3-4481-AD21-5C2DD7675CCE}.Debug|Win32.Build.0 = Debug|Win32
		{61C9466E-2AE3-4481-AD21-5C2DD7675CCE}.Debug|x64.ActiveCfg = Debug|x64
		{61C9466E-2AE3-4481-AD21-5C2DD7675CCE}.Debug|x64.Build.0 = Debug|x64
		{61C9466E-2AE3-4481-AD21-5C2DD7675CCE}.Release|Win32.ActiveCfg = Release|Win32
		{61C9466E-2AE3-4481-AD21-5C2DD7675CCE}.Release|Win32.Build.0 = Release|Win32
		{61C9466E-2AE3-4481-AD21-5C2DD7675CCE}.Release|x64.ActiveCfg = Release|x64
		{61C9466E-2AE3-4481-AD21-5C2DD7675CCE}.Release|x64.Build.0 = Release|x64
		{28DD02DB-9588-468E-9D72-CBA0C0DCFBE5}.Debug|Win32.ActiveCfg = Debug|Win32
		{28DD02DB-9588-468E-9D72-CBA0C0DCFBE5}.Debug|Win32.Build.0 = Debug|Win32
		{28DD02DB-9588-468E-9D72-CBA0C0DCFBE5}.Debug|x64.ActiveCfg = Debug|x64
		{28DD02DB-9588-468E-9D72-CBA0C0DCFBE5}.Debug|x64.Build.0 = Debug|x64
		{28DD02DB-9588-468E-9D72-CBA0C0DCFBE5}.Release|Win32.ActiveCfg = Release|Win32
		{28DD02DB-9588-468E-9D72-CBA0C0DCFBE5}.Release|Win32.Build.0 = Release|Win32
		{28DD02DB-9588-468E-9D72-CBA0C0DCFBE5}.Release|x64.ActiveCfg = Release|x64
		{28DD02DB-9588-468E-9D72-CBA0C0DCFBE5}.Release|x64.Build.0 = Release|x64
		{38F46EA7-BCEB-4AA0-822F-3BD6E8D8B525}.Debug|Win32.ActiveCfg = Debug|Win32
		{38F46EA7-BCEB-4AA0-822F-3BD6E8D8B525}.Debug|Win32.Build.0 = Debug|Win32
		{38F46EA7-BCEB-4AA0-822F-3BD6E8D8B525}.Debug|x64.ActiveCfg = Debug|x64
		{38F46EA7-BCEB-4AA0-822F-3BD6E8D8B525}.Debug|x64.Build.0 = Debug|x64
		{38F46EA7-BCEB-4AA0-822F-3BD6E8D8B525}.Release|Win32.ActiveCfg = Release|Win32
		{38F46EA7-BCEB-4AA0-822F-3BD6E8D8B525}.Release|Win32.Build.0 = Release|Win32
		{38F46EA7-BCEB-4AA0-822F-3BD6E8D8B525}.Release|x64.ActiveCfg = Release|x64
		{38F46EA7-BCEB-4AA0-822F-3BD6E8D8B525}.Release|x64.Build.0 = Release|x64
		{FFFF8C83-3401-4664-BA0E-B02D718E5B1F}.Debug|Win32.ActiveCfg = Debug|Win32
		{FFFF8C83-3401-4664-BA0E-B02D718E5B1F}.Debug|Win32.Build.0 = Debug|Win32
		{FFFF8C83-3401-4664-BA0E-B02D718E5B1F}.Debug|x64.ActiveCfg = Debug|x64
		{FFFF8C83-3401-4664-BA0E-B02D718E5B1F}.Debug|x64.Build.0 = Debug|x64
		{FFFF8C83-3401-4664-BA0E-B02D718E5B1F}.Release|Win32.ActiveCfg = Release|Win32
		{FFFF8C83-3401-4664-BA0E-B02D718E5B1F}.Release|Win32.Build.0 = Release|Win32
		{FFFF8C83-3401-4664-BA0E-B02D718E5B1F}.Release|x64.ActiveCfg = Release|x64
		{FFFF8C83-3401-4664-BA0E-B02D718E5B1F}.Release|x64.Build.0 = Release|x64
		{BCCAC938-A3CF-4636-95F9-D2BA419D40D5}.Debug|Win32.ActiveCfg = Debug|Win32
		{BCCAC938-A3CF-4636-95F9-D2BA419D40D5}.Debug|Win32.Build.0 = Debug|Win32
		{BCCAC938-A3CF-4636-95F9-D2BA419D40D5}.Debug|x64.ActiveCfg = Debug|x64
		{BCCAC938-A3CF-4636-95F9-D2BA419D40D5}.Debug|x64.Build.0 = Debug|x64
		{BCCAC938-A3CF-4636-95F9-D2BA419D40D5}.Release|Win32.ActiveCfg = Release|Win32
		{BCCAC938-A3CF-4636-95F9-D2BA419D40D5}.Release|Win32.Build.0 = Release|Win32
		{BCCAC938-A3CF-4636-95F9-D2BA419D40D5}.Release|x64.ActiveCfg = Release|x64
		{BCCAC938-A3CF-4636-95F9-D2BA419D40D5}.Release|x64.Build.0 = Release|x64
		{3A465F8E-BCCB-41DD-ACFF-4D61723F87F7}.Debug|Win32.ActiveCfg = Debug|Win32
		{3A465F8E-BCCB-41DD-ACFF-4D61723F87F7}.Debug|Win32.Build.0 = Debug|Win32
		{3A465F8E-BCCB-41DD-ACFF-4D61723F87F7}.Debug|x64.ActiveCfg = Debug|x64
		{3A465F8E-BCCB-41DD-ACFF-4D61723F87F7}.Debug|x64.Build.0 = Debug|x64
		{3A465F8E-BCCB-41DD-ACFF-4D61723F87F7}.Release|Win32.ActiveCfg = Release|Win32
		{3A465F8E-BCCB-41DD-ACFF-4D61723F87F7}.Release|Win32.Build.0 = Release|Win32
		{3A465F8E-BCCB-41DD-ACFF-4D61723F87F7}.Release|x64.ActiveCfg = Release|x64
		{3A465F8E-BCCB-41DD-ACFF-4D61723F87F7}.Release|x64.Build.0 = Release|x64
	EndGlobalSection
	GlobalSection(SolutionProperties) = preSolution
		HideSolutionNode = FALSE
	EndGlobalSection
EndGlobal
